// !$*UTF8*$!
{
	archiveVersion = 1;
	classes = {
	};
	objectVersion = 50;
	objects = {

/* Begin PBXBuildFile section */
		F41989852517687300F1EBD2 /* SimpleMeasureView.swift in Sources */ = {isa = PBXBuildFile; fileRef = F41989842517687300F1EBD2 /* SimpleMeasureView.swift */; };
		F419898E2517689200F1EBD2 /* SquaresMeasureView.swift in Sources */ = {isa = PBXBuildFile; fileRef = F419898D2517689200F1EBD2 /* SquaresMeasureView.swift */; };
		F433C0F52521F7C100B3BC55 /* MetronomeList.swift in Sources */ = {isa = PBXBuildFile; fileRef = F433C0F42521F7C100B3BC55 /* MetronomeList.swift */; };
		F433C105252202E900B3BC55 /* MetronomeListItem.swift in Sources */ = {isa = PBXBuildFile; fileRef = F433C104252202E900B3BC55 /* MetronomeListItem.swift */; };
		F45DC4A724CF4DFF00D594B3 /* MetronomeApp.swift in Sources */ = {isa = PBXBuildFile; fileRef = F45DC4A624CF4DFF00D594B3 /* MetronomeApp.swift */; };
		F45DC4AE24CF4DFF00D594B3 /* ContentView.swift in Sources */ = {isa = PBXBuildFile; fileRef = F45DC4AD24CF4DFF00D594B3 /* ContentView.swift */; };
		F45DC4B024CF4E0A00D594B3 /* Assets.xcassets in Resources */ = {isa = PBXBuildFile; fileRef = F45DC4AF24CF4E0A00D594B3 /* Assets.xcassets */; };
		F45DC4B324CF4E0A00D594B3 /* Preview Assets.xcassets in Resources */ = {isa = PBXBuildFile; fileRef = F45DC4B224CF4E0A00D594B3 /* Preview Assets.xcassets */; };
		F45DC4C124CF4E0A00D594B3 /* MetronomeTests.swift in Sources */ = {isa = PBXBuildFile; fileRef = F45DC4C024CF4E0A00D594B3 /* MetronomeTests.swift */; };
		F45DC4CC24CF4E0A00D594B3 /* MetronomeUITests.swift in Sources */ = {isa = PBXBuildFile; fileRef = F45DC4CB24CF4E0A00D594B3 /* MetronomeUITests.swift */; };
		F45DC51024CF4F6F00D594B3 /* NoteValueFraction.swift in Sources */ = {isa = PBXBuildFile; fileRef = F45DC4DA24CF4F6E00D594B3 /* NoteValueFraction.swift */; };
		F45DC51124CF4F6F00D594B3 /* Rhythm.swift in Sources */ = {isa = PBXBuildFile; fileRef = F45DC4DC24CF4F6E00D594B3 /* Rhythm.swift */; };
		F45DC51224CF4F6F00D594B3 /* Metronome.swift in Sources */ = {isa = PBXBuildFile; fileRef = F45DC4DD24CF4F6E00D594B3 /* Metronome.swift */; };
		F45DC51324CF4F6F00D594B3 /* NoteValue.swift in Sources */ = {isa = PBXBuildFile; fileRef = F45DC4DE24CF4F6E00D594B3 /* NoteValue.swift */; };
		F45DC51424CF4F6F00D594B3 /* Measure.swift in Sources */ = {isa = PBXBuildFile; fileRef = F45DC4DF24CF4F6E00D594B3 /* Measure.swift */; };
		F45DC51524CF4F6F00D594B3 /* Beat.swift in Sources */ = {isa = PBXBuildFile; fileRef = F45DC4E024CF4F6E00D594B3 /* Beat.swift */; };
		F45DC51624CF4F6F00D594B3 /* PlayView.swift in Sources */ = {isa = PBXBuildFile; fileRef = F45DC4E224CF4F6E00D594B3 /* PlayView.swift */; };
		F45DC51724CF4F6F00D594B3 /* MetronomeView.swift in Sources */ = {isa = PBXBuildFile; fileRef = F45DC4E324CF4F6E00D594B3 /* MetronomeView.swift */; };
		F45DC51824CF4F6F00D594B3 /* TapView.swift in Sources */ = {isa = PBXBuildFile; fileRef = F45DC4E524CF4F6E00D594B3 /* TapView.swift */; };
		F45DC51924CF4F6F00D594B3 /* KnobView.swift in Sources */ = {isa = PBXBuildFile; fileRef = F45DC4E624CF4F6E00D594B3 /* KnobView.swift */; };
		F45DC51A24CF4F6F00D594B3 /* BpmController.swift in Sources */ = {isa = PBXBuildFile; fileRef = F45DC4E724CF4F6E00D594B3 /* BpmController.swift */; };
		F45DC51B24CF4F6F00D594B3 /* BpmView.swift in Sources */ = {isa = PBXBuildFile; fileRef = F45DC4E824CF4F6E00D594B3 /* BpmView.swift */; };
		F45DC51C24CF4F6F00D594B3 /* PickerBeatView.swift in Sources */ = {isa = PBXBuildFile; fileRef = F45DC4EA24CF4F6E00D594B3 /* PickerBeatView.swift */; };
		F45DC51D24CF4F6F00D594B3 /* RhythmView.swift in Sources */ = {isa = PBXBuildFile; fileRef = F45DC4EB24CF4F6E00D594B3 /* RhythmView.swift */; };
		F45DC51F24CF4F6F00D594B3 /* MeasureBeatView.swift in Sources */ = {isa = PBXBuildFile; fileRef = F45DC4ED24CF4F6E00D594B3 /* MeasureBeatView.swift */; };
		F45DC52024CF4F6F00D594B3 /* TimeSignatureView.swift in Sources */ = {isa = PBXBuildFile; fileRef = F45DC4EE24CF4F6E00D594B3 /* TimeSignatureView.swift */; };
		F45DC52124CF4F6F00D594B3 /* BeatValueView.swift in Sources */ = {isa = PBXBuildFile; fileRef = F45DC4EF24CF4F6E00D594B3 /* BeatValueView.swift */; };
		F45DC52224CF4F6F00D594B3 /* BeatView.swift in Sources */ = {isa = PBXBuildFile; fileRef = F45DC4F024CF4F6E00D594B3 /* BeatView.swift */; };
		F45DC52424CF4F6F00D594B3 /* MeasureActionButtonsView.swift in Sources */ = {isa = PBXBuildFile; fileRef = F45DC4F224CF4F6E00D594B3 /* MeasureActionButtonsView.swift */; };
		F45DC52524CF4F6F00D594B3 /* BeatListView.swift in Sources */ = {isa = PBXBuildFile; fileRef = F45DC4F324CF4F6E00D594B3 /* BeatListView.swift */; };
		F45DC52624CF4F6F00D594B3 /* MeasureView.swift in Sources */ = {isa = PBXBuildFile; fileRef = F45DC4F424CF4F6E00D594B3 /* MeasureView.swift */; };
		F45DC52724CF4F6F00D594B3 /* RhythmEditorView.swift in Sources */ = {isa = PBXBuildFile; fileRef = F45DC4F524CF4F6E00D594B3 /* RhythmEditorView.swift */; };
		F45DC52824CF4F7000D594B3 /* AudioEngine.swift in Sources */ = {isa = PBXBuildFile; fileRef = F45DC4F624CF4F6E00D594B3 /* AudioEngine.swift */; };
		F45DC52924CF4F7000D594B3 /* Accent.swift in Sources */ = {isa = PBXBuildFile; fileRef = F45DC4F824CF4F6F00D594B3 /* Accent.swift */; };
		F45DC52A24CF4F7000D594B3 /* OneHundredTwentyEighthRest.swift in Sources */ = {isa = PBXBuildFile; fileRef = F45DC4FA24CF4F6F00D594B3 /* OneHundredTwentyEighthRest.swift */; };
		F45DC52B24CF4F7000D594B3 /* SixtyFourthRest.swift in Sources */ = {isa = PBXBuildFile; fileRef = F45DC4FB24CF4F6F00D594B3 /* SixtyFourthRest.swift */; };
		F45DC52C24CF4F7000D594B3 /* SixteenthRest.swift in Sources */ = {isa = PBXBuildFile; fileRef = F45DC4FC24CF4F6F00D594B3 /* SixteenthRest.swift */; };
		F45DC52D24CF4F7000D594B3 /* HalfRest.swift in Sources */ = {isa = PBXBuildFile; fileRef = F45DC4FD24CF4F6F00D594B3 /* HalfRest.swift */; };
		F45DC52E24CF4F7000D594B3 /* WholeRest.swift in Sources */ = {isa = PBXBuildFile; fileRef = F45DC4FE24CF4F6F00D594B3 /* WholeRest.swift */; };
		F45DC52F24CF4F7000D594B3 /* ThirtySecondRest.swift in Sources */ = {isa = PBXBuildFile; fileRef = F45DC4FF24CF4F6F00D594B3 /* ThirtySecondRest.swift */; };
		F45DC53024CF4F7000D594B3 /* EighthRest.swift in Sources */ = {isa = PBXBuildFile; fileRef = F45DC50024CF4F6F00D594B3 /* EighthRest.swift */; };
		F45DC53124CF4F7000D594B3 /* QuarterRest.swift in Sources */ = {isa = PBXBuildFile; fileRef = F45DC50124CF4F6F00D594B3 /* QuarterRest.swift */; };
		F45DC53224CF4F7000D594B3 /* MusicalComponent.swift in Sources */ = {isa = PBXBuildFile; fileRef = F45DC50224CF4F6F00D594B3 /* MusicalComponent.swift */; };
		F45DC53324CF4F7000D594B3 /* EighthNote.swift in Sources */ = {isa = PBXBuildFile; fileRef = F45DC50424CF4F6F00D594B3 /* EighthNote.swift */; };
		F45DC53424CF4F7000D594B3 /* ThirtySecondNote.swift in Sources */ = {isa = PBXBuildFile; fileRef = F45DC50524CF4F6F00D594B3 /* ThirtySecondNote.swift */; };
		F45DC53524CF4F7000D594B3 /* WholeNote.swift in Sources */ = {isa = PBXBuildFile; fileRef = F45DC50624CF4F6F00D594B3 /* WholeNote.swift */; };
		F45DC53624CF4F7000D594B3 /* QuarterNote.swift in Sources */ = {isa = PBXBuildFile; fileRef = F45DC50724CF4F6F00D594B3 /* QuarterNote.swift */; };
		F45DC53724CF4F7000D594B3 /* SixteenthNote.swift in Sources */ = {isa = PBXBuildFile; fileRef = F45DC50824CF4F6F00D594B3 /* SixteenthNote.swift */; };
		F45DC53824CF4F7000D594B3 /* HalfNote.swift in Sources */ = {isa = PBXBuildFile; fileRef = F45DC50924CF4F6F00D594B3 /* HalfNote.swift */; };
		F45DC53924CF4F7000D594B3 /* SixtyFourthNote.swift in Sources */ = {isa = PBXBuildFile; fileRef = F45DC50A24CF4F6F00D594B3 /* SixtyFourthNote.swift */; };
		F45DC53A24CF4F7000D594B3 /* OneHundredTwentyEighthNote.swift in Sources */ = {isa = PBXBuildFile; fileRef = F45DC50B24CF4F6F00D594B3 /* OneHundredTwentyEighthNote.swift */; };
		F45DC53B24CF4F7000D594B3 /* Dot.swift in Sources */ = {isa = PBXBuildFile; fileRef = F45DC50C24CF4F6F00D594B3 /* Dot.swift */; };
		F45DC53C24CF4F7000D594B3 /* MetronomeGenerator.swift in Sources */ = {isa = PBXBuildFile; fileRef = F45DC50D24CF4F6F00D594B3 /* MetronomeGenerator.swift */; };
		F45DC53D24CF4F7000D594B3 /* MetronomeEnvironment.swift in Sources */ = {isa = PBXBuildFile; fileRef = F45DC50E24CF4F6F00D594B3 /* MetronomeEnvironment.swift */; };
		F45DC53E24CF4F7000D594B3 /* MetronomeRepository.swift in Sources */ = {isa = PBXBuildFile; fileRef = F45DC50F24CF4F6F00D594B3 /* MetronomeRepository.swift */; };
		F4CAE2182519F5C5004F1BC6 /* RhythmPickerView.swift in Sources */ = {isa = PBXBuildFile; fileRef = F4CAE2172519F5C5004F1BC6 /* RhythmPickerView.swift */; };
		F4F1690124E42E670049BEDD /* DAO.swift in Sources */ = {isa = PBXBuildFile; fileRef = F4F1690024E42E670049BEDD /* DAO.swift */; };
/* End PBXBuildFile section */

/* Begin PBXContainerItemProxy section */
		F45DC4BD24CF4E0A00D594B3 /* PBXContainerItemProxy */ = {
			isa = PBXContainerItemProxy;
			containerPortal = F45DC49B24CF4DFF00D594B3 /* Project object */;
			proxyType = 1;
			remoteGlobalIDString = F45DC4A224CF4DFF00D594B3;
			remoteInfo = Metronome;
		};
		F45DC4C824CF4E0A00D594B3 /* PBXContainerItemProxy */ = {
			isa = PBXContainerItemProxy;
			containerPortal = F45DC49B24CF4DFF00D594B3 /* Project object */;
			proxyType = 1;
			remoteGlobalIDString = F45DC4A224CF4DFF00D594B3;
			remoteInfo = Metronome;
		};
		F470FA1B252DFF6B00D04FD3 /* PBXContainerItemProxy */ = {
			isa = PBXContainerItemProxy;
			containerPortal = F470FA11252DFF6B00D04FD3 /* SQLite.xcodeproj */;
			proxyType = 2;
			remoteGlobalIDString = EE247AD31C3F04ED00AE3E12;
			remoteInfo = "SQLite iOS";
		};
		F470FA1D252DFF6B00D04FD3 /* PBXContainerItemProxy */ = {
			isa = PBXContainerItemProxy;
			containerPortal = F470FA11252DFF6B00D04FD3 /* SQLite.xcodeproj */;
			proxyType = 2;
			remoteGlobalIDString = EE247ADD1C3F04ED00AE3E12;
			remoteInfo = "SQLiteTests iOS";
		};
		F470FA1F252DFF6B00D04FD3 /* PBXContainerItemProxy */ = {
			isa = PBXContainerItemProxy;
			containerPortal = F470FA11252DFF6B00D04FD3 /* SQLite.xcodeproj */;
			proxyType = 2;
			remoteGlobalIDString = EE247B3C1C3F3ED000AE3E12;
			remoteInfo = "SQLite Mac";
		};
		F470FA21252DFF6B00D04FD3 /* PBXContainerItemProxy */ = {
			isa = PBXContainerItemProxy;
			containerPortal = F470FA11252DFF6B00D04FD3 /* SQLite.xcodeproj */;
			proxyType = 2;
			remoteGlobalIDString = EE247B451C3F3ED000AE3E12;
			remoteInfo = "SQLiteTests Mac";
		};
		F470FA23252DFF6B00D04FD3 /* PBXContainerItemProxy */ = {
			isa = PBXContainerItemProxy;
			containerPortal = F470FA11252DFF6B00D04FD3 /* SQLite.xcodeproj */;
			proxyType = 2;
			remoteGlobalIDString = 03A65E5A1C6BB0F50062603F;
			remoteInfo = "SQLite tvOS";
		};
		F470FA25252DFF6B00D04FD3 /* PBXContainerItemProxy */ = {
			isa = PBXContainerItemProxy;
			containerPortal = F470FA11252DFF6B00D04FD3 /* SQLite.xcodeproj */;
			proxyType = 2;
			remoteGlobalIDString = 03A65E631C6BB0F60062603F;
			remoteInfo = "SQLiteTests tvOS";
		};
		F470FA27252DFF6B00D04FD3 /* PBXContainerItemProxy */ = {
			isa = PBXContainerItemProxy;
			containerPortal = F470FA11252DFF6B00D04FD3 /* SQLite.xcodeproj */;
			proxyType = 2;
			remoteGlobalIDString = A121AC451CA35C79005A31D1;
			remoteInfo = "SQLite watchOS";
		};
/* End PBXContainerItemProxy section */

/* Begin PBXCopyFilesBuildPhase section */
		F48F3C86251F85AF00350FD7 /* Embed Frameworks */ = {
			isa = PBXCopyFilesBuildPhase;
			buildActionMask = 2147483647;
			dstPath = "";
			dstSubfolderSpec = 10;
			files = (
			);
			name = "Embed Frameworks";
			runOnlyForDeploymentPostprocessing = 0;
		};
/* End PBXCopyFilesBuildPhase section */

/* Begin PBXFileReference section */
		F41989842517687300F1EBD2 /* SimpleMeasureView.swift */ = {isa = PBXFileReference; lastKnownFileType = sourcecode.swift; path = SimpleMeasureView.swift; sourceTree = "<group>"; };
		F419898D2517689200F1EBD2 /* SquaresMeasureView.swift */ = {isa = PBXFileReference; lastKnownFileType = sourcecode.swift; path = SquaresMeasureView.swift; sourceTree = "<group>"; };
		F433C0F42521F7C100B3BC55 /* MetronomeList.swift */ = {isa = PBXFileReference; lastKnownFileType = sourcecode.swift; path = MetronomeList.swift; sourceTree = "<group>"; };
		F433C104252202E900B3BC55 /* MetronomeListItem.swift */ = {isa = PBXFileReference; lastKnownFileType = sourcecode.swift; path = MetronomeListItem.swift; sourceTree = "<group>"; };
		F45DC4A324CF4DFF00D594B3 /* Metronome.app */ = {isa = PBXFileReference; explicitFileType = wrapper.application; includeInIndex = 0; path = Metronome.app; sourceTree = BUILT_PRODUCTS_DIR; };
		F45DC4A624CF4DFF00D594B3 /* MetronomeApp.swift */ = {isa = PBXFileReference; lastKnownFileType = sourcecode.swift; path = MetronomeApp.swift; sourceTree = "<group>"; };
		F45DC4AD24CF4DFF00D594B3 /* ContentView.swift */ = {isa = PBXFileReference; lastKnownFileType = sourcecode.swift; path = ContentView.swift; sourceTree = "<group>"; };
		F45DC4AF24CF4E0A00D594B3 /* Assets.xcassets */ = {isa = PBXFileReference; lastKnownFileType = folder.assetcatalog; path = Assets.xcassets; sourceTree = "<group>"; };
		F45DC4B224CF4E0A00D594B3 /* Preview Assets.xcassets */ = {isa = PBXFileReference; lastKnownFileType = folder.assetcatalog; path = "Preview Assets.xcassets"; sourceTree = "<group>"; };
		F45DC4B724CF4E0A00D594B3 /* Info.plist */ = {isa = PBXFileReference; lastKnownFileType = text.plist.xml; path = Info.plist; sourceTree = "<group>"; };
		F45DC4BC24CF4E0A00D594B3 /* MetronomeTests.xctest */ = {isa = PBXFileReference; explicitFileType = wrapper.cfbundle; includeInIndex = 0; path = MetronomeTests.xctest; sourceTree = BUILT_PRODUCTS_DIR; };
		F45DC4C024CF4E0A00D594B3 /* MetronomeTests.swift */ = {isa = PBXFileReference; lastKnownFileType = sourcecode.swift; path = MetronomeTests.swift; sourceTree = "<group>"; };
		F45DC4C224CF4E0A00D594B3 /* Info.plist */ = {isa = PBXFileReference; lastKnownFileType = text.plist.xml; path = Info.plist; sourceTree = "<group>"; };
		F45DC4C724CF4E0A00D594B3 /* MetronomeUITests.xctest */ = {isa = PBXFileReference; explicitFileType = wrapper.cfbundle; includeInIndex = 0; path = MetronomeUITests.xctest; sourceTree = BUILT_PRODUCTS_DIR; };
		F45DC4CB24CF4E0A00D594B3 /* MetronomeUITests.swift */ = {isa = PBXFileReference; lastKnownFileType = sourcecode.swift; path = MetronomeUITests.swift; sourceTree = "<group>"; };
		F45DC4CD24CF4E0A00D594B3 /* Info.plist */ = {isa = PBXFileReference; lastKnownFileType = text.plist.xml; path = Info.plist; sourceTree = "<group>"; };
		F45DC4DA24CF4F6E00D594B3 /* NoteValueFraction.swift */ = {isa = PBXFileReference; fileEncoding = 4; lastKnownFileType = sourcecode.swift; path = NoteValueFraction.swift; sourceTree = "<group>"; };
		F45DC4DC24CF4F6E00D594B3 /* Rhythm.swift */ = {isa = PBXFileReference; fileEncoding = 4; lastKnownFileType = sourcecode.swift; path = Rhythm.swift; sourceTree = "<group>"; };
		F45DC4DD24CF4F6E00D594B3 /* Metronome.swift */ = {isa = PBXFileReference; fileEncoding = 4; lastKnownFileType = sourcecode.swift; path = Metronome.swift; sourceTree = "<group>"; };
		F45DC4DE24CF4F6E00D594B3 /* NoteValue.swift */ = {isa = PBXFileReference; fileEncoding = 4; lastKnownFileType = sourcecode.swift; path = NoteValue.swift; sourceTree = "<group>"; };
		F45DC4DF24CF4F6E00D594B3 /* Measure.swift */ = {isa = PBXFileReference; fileEncoding = 4; lastKnownFileType = sourcecode.swift; path = Measure.swift; sourceTree = "<group>"; };
		F45DC4E024CF4F6E00D594B3 /* Beat.swift */ = {isa = PBXFileReference; fileEncoding = 4; lastKnownFileType = sourcecode.swift; path = Beat.swift; sourceTree = "<group>"; };
		F45DC4E224CF4F6E00D594B3 /* PlayView.swift */ = {isa = PBXFileReference; fileEncoding = 4; lastKnownFileType = sourcecode.swift; path = PlayView.swift; sourceTree = "<group>"; };
		F45DC4E324CF4F6E00D594B3 /* MetronomeView.swift */ = {isa = PBXFileReference; fileEncoding = 4; lastKnownFileType = sourcecode.swift; path = MetronomeView.swift; sourceTree = "<group>"; };
		F45DC4E524CF4F6E00D594B3 /* TapView.swift */ = {isa = PBXFileReference; fileEncoding = 4; lastKnownFileType = sourcecode.swift; path = TapView.swift; sourceTree = "<group>"; };
		F45DC4E624CF4F6E00D594B3 /* KnobView.swift */ = {isa = PBXFileReference; fileEncoding = 4; lastKnownFileType = sourcecode.swift; path = KnobView.swift; sourceTree = "<group>"; };
		F45DC4E724CF4F6E00D594B3 /* BpmController.swift */ = {isa = PBXFileReference; fileEncoding = 4; lastKnownFileType = sourcecode.swift; path = BpmController.swift; sourceTree = "<group>"; };
		F45DC4E824CF4F6E00D594B3 /* BpmView.swift */ = {isa = PBXFileReference; fileEncoding = 4; lastKnownFileType = sourcecode.swift; path = BpmView.swift; sourceTree = "<group>"; };
		F45DC4EA24CF4F6E00D594B3 /* PickerBeatView.swift */ = {isa = PBXFileReference; fileEncoding = 4; lastKnownFileType = sourcecode.swift; path = PickerBeatView.swift; sourceTree = "<group>"; };
		F45DC4EB24CF4F6E00D594B3 /* RhythmView.swift */ = {isa = PBXFileReference; fileEncoding = 4; lastKnownFileType = sourcecode.swift; path = RhythmView.swift; sourceTree = "<group>"; };
		F45DC4ED24CF4F6E00D594B3 /* MeasureBeatView.swift */ = {isa = PBXFileReference; fileEncoding = 4; lastKnownFileType = sourcecode.swift; path = MeasureBeatView.swift; sourceTree = "<group>"; };
		F45DC4EE24CF4F6E00D594B3 /* TimeSignatureView.swift */ = {isa = PBXFileReference; fileEncoding = 4; lastKnownFileType = sourcecode.swift; path = TimeSignatureView.swift; sourceTree = "<group>"; };
		F45DC4EF24CF4F6E00D594B3 /* BeatValueView.swift */ = {isa = PBXFileReference; fileEncoding = 4; lastKnownFileType = sourcecode.swift; path = BeatValueView.swift; sourceTree = "<group>"; };
		F45DC4F024CF4F6E00D594B3 /* BeatView.swift */ = {isa = PBXFileReference; fileEncoding = 4; lastKnownFileType = sourcecode.swift; path = BeatView.swift; sourceTree = "<group>"; };
		F45DC4F224CF4F6E00D594B3 /* MeasureActionButtonsView.swift */ = {isa = PBXFileReference; fileEncoding = 4; lastKnownFileType = sourcecode.swift; path = MeasureActionButtonsView.swift; sourceTree = "<group>"; };
		F45DC4F324CF4F6E00D594B3 /* BeatListView.swift */ = {isa = PBXFileReference; fileEncoding = 4; lastKnownFileType = sourcecode.swift; path = BeatListView.swift; sourceTree = "<group>"; };
		F45DC4F424CF4F6E00D594B3 /* MeasureView.swift */ = {isa = PBXFileReference; fileEncoding = 4; lastKnownFileType = sourcecode.swift; path = MeasureView.swift; sourceTree = "<group>"; };
		F45DC4F524CF4F6E00D594B3 /* RhythmEditorView.swift */ = {isa = PBXFileReference; fileEncoding = 4; lastKnownFileType = sourcecode.swift; path = RhythmEditorView.swift; sourceTree = "<group>"; };
		F45DC4F624CF4F6E00D594B3 /* AudioEngine.swift */ = {isa = PBXFileReference; fileEncoding = 4; lastKnownFileType = sourcecode.swift; path = AudioEngine.swift; sourceTree = "<group>"; };
		F45DC4F824CF4F6F00D594B3 /* Accent.swift */ = {isa = PBXFileReference; fileEncoding = 4; lastKnownFileType = sourcecode.swift; path = Accent.swift; sourceTree = "<group>"; };
		F45DC4FA24CF4F6F00D594B3 /* OneHundredTwentyEighthRest.swift */ = {isa = PBXFileReference; fileEncoding = 4; lastKnownFileType = sourcecode.swift; path = OneHundredTwentyEighthRest.swift; sourceTree = "<group>"; };
		F45DC4FB24CF4F6F00D594B3 /* SixtyFourthRest.swift */ = {isa = PBXFileReference; fileEncoding = 4; lastKnownFileType = sourcecode.swift; path = SixtyFourthRest.swift; sourceTree = "<group>"; };
		F45DC4FC24CF4F6F00D594B3 /* SixteenthRest.swift */ = {isa = PBXFileReference; fileEncoding = 4; lastKnownFileType = sourcecode.swift; path = SixteenthRest.swift; sourceTree = "<group>"; };
		F45DC4FD24CF4F6F00D594B3 /* HalfRest.swift */ = {isa = PBXFileReference; fileEncoding = 4; lastKnownFileType = sourcecode.swift; path = HalfRest.swift; sourceTree = "<group>"; };
		F45DC4FE24CF4F6F00D594B3 /* WholeRest.swift */ = {isa = PBXFileReference; fileEncoding = 4; lastKnownFileType = sourcecode.swift; path = WholeRest.swift; sourceTree = "<group>"; };
		F45DC4FF24CF4F6F00D594B3 /* ThirtySecondRest.swift */ = {isa = PBXFileReference; fileEncoding = 4; lastKnownFileType = sourcecode.swift; path = ThirtySecondRest.swift; sourceTree = "<group>"; };
		F45DC50024CF4F6F00D594B3 /* EighthRest.swift */ = {isa = PBXFileReference; fileEncoding = 4; lastKnownFileType = sourcecode.swift; path = EighthRest.swift; sourceTree = "<group>"; };
		F45DC50124CF4F6F00D594B3 /* QuarterRest.swift */ = {isa = PBXFileReference; fileEncoding = 4; lastKnownFileType = sourcecode.swift; path = QuarterRest.swift; sourceTree = "<group>"; };
		F45DC50224CF4F6F00D594B3 /* MusicalComponent.swift */ = {isa = PBXFileReference; fileEncoding = 4; lastKnownFileType = sourcecode.swift; path = MusicalComponent.swift; sourceTree = "<group>"; };
		F45DC50424CF4F6F00D594B3 /* EighthNote.swift */ = {isa = PBXFileReference; fileEncoding = 4; lastKnownFileType = sourcecode.swift; path = EighthNote.swift; sourceTree = "<group>"; };
		F45DC50524CF4F6F00D594B3 /* ThirtySecondNote.swift */ = {isa = PBXFileReference; fileEncoding = 4; lastKnownFileType = sourcecode.swift; path = ThirtySecondNote.swift; sourceTree = "<group>"; };
		F45DC50624CF4F6F00D594B3 /* WholeNote.swift */ = {isa = PBXFileReference; fileEncoding = 4; lastKnownFileType = sourcecode.swift; path = WholeNote.swift; sourceTree = "<group>"; };
		F45DC50724CF4F6F00D594B3 /* QuarterNote.swift */ = {isa = PBXFileReference; fileEncoding = 4; lastKnownFileType = sourcecode.swift; path = QuarterNote.swift; sourceTree = "<group>"; };
		F45DC50824CF4F6F00D594B3 /* SixteenthNote.swift */ = {isa = PBXFileReference; fileEncoding = 4; lastKnownFileType = sourcecode.swift; path = SixteenthNote.swift; sourceTree = "<group>"; };
		F45DC50924CF4F6F00D594B3 /* HalfNote.swift */ = {isa = PBXFileReference; fileEncoding = 4; lastKnownFileType = sourcecode.swift; path = HalfNote.swift; sourceTree = "<group>"; };
		F45DC50A24CF4F6F00D594B3 /* SixtyFourthNote.swift */ = {isa = PBXFileReference; fileEncoding = 4; lastKnownFileType = sourcecode.swift; path = SixtyFourthNote.swift; sourceTree = "<group>"; };
		F45DC50B24CF4F6F00D594B3 /* OneHundredTwentyEighthNote.swift */ = {isa = PBXFileReference; fileEncoding = 4; lastKnownFileType = sourcecode.swift; path = OneHundredTwentyEighthNote.swift; sourceTree = "<group>"; };
		F45DC50C24CF4F6F00D594B3 /* Dot.swift */ = {isa = PBXFileReference; fileEncoding = 4; lastKnownFileType = sourcecode.swift; path = Dot.swift; sourceTree = "<group>"; };
		F45DC50D24CF4F6F00D594B3 /* MetronomeGenerator.swift */ = {isa = PBXFileReference; fileEncoding = 4; lastKnownFileType = sourcecode.swift; path = MetronomeGenerator.swift; sourceTree = "<group>"; };
		F45DC50E24CF4F6F00D594B3 /* MetronomeEnvironment.swift */ = {isa = PBXFileReference; fileEncoding = 4; lastKnownFileType = sourcecode.swift; path = MetronomeEnvironment.swift; sourceTree = "<group>"; };
		F45DC50F24CF4F6F00D594B3 /* MetronomeRepository.swift */ = {isa = PBXFileReference; fileEncoding = 4; lastKnownFileType = sourcecode.swift; path = MetronomeRepository.swift; sourceTree = "<group>"; };
		F470FA11252DFF6B00D04FD3 /* SQLite.xcodeproj */ = {isa = PBXFileReference; lastKnownFileType = "wrapper.pb-project"; name = SQLite.xcodeproj; path = "../SQLite.swift-master/SQLite.xcodeproj"; sourceTree = "<group>"; };
		F4CAE2172519F5C5004F1BC6 /* RhythmPickerView.swift */ = {isa = PBXFileReference; lastKnownFileType = sourcecode.swift; path = RhythmPickerView.swift; sourceTree = "<group>"; };
		F4F1690024E42E670049BEDD /* DAO.swift */ = {isa = PBXFileReference; lastKnownFileType = sourcecode.swift; path = DAO.swift; sourceTree = "<group>"; };
/* End PBXFileReference section */

/* Begin PBXFrameworksBuildPhase section */
		F45DC4A024CF4DFF00D594B3 /* Frameworks */ = {
			isa = PBXFrameworksBuildPhase;
			buildActionMask = 2147483647;
			files = (
			);
			runOnlyForDeploymentPostprocessing = 0;
		};
		F45DC4B924CF4E0A00D594B3 /* Frameworks */ = {
			isa = PBXFrameworksBuildPhase;
			buildActionMask = 2147483647;
			files = (
			);
			runOnlyForDeploymentPostprocessing = 0;
		};
		F45DC4C424CF4E0A00D594B3 /* Frameworks */ = {
			isa = PBXFrameworksBuildPhase;
			buildActionMask = 2147483647;
			files = (
			);
			runOnlyForDeploymentPostprocessing = 0;
		};
/* End PBXFrameworksBuildPhase section */

/* Begin PBXGroup section */
		F41989832517685300F1EBD2 /* Simple */ = {
			isa = PBXGroup;
			children = (
				F41989842517687300F1EBD2 /* SimpleMeasureView.swift */,
			);
			path = Simple;
			sourceTree = "<group>";
		};
		F41989892517687A00F1EBD2 /* Squares */ = {
			isa = PBXGroup;
			children = (
				F419898D2517689200F1EBD2 /* SquaresMeasureView.swift */,
			);
			path = Squares;
			sourceTree = "<group>";
		};
		F433C1032522025A00B3BC55 /* MetronomeList */ = {
			isa = PBXGroup;
			children = (
				F433C0F42521F7C100B3BC55 /* MetronomeList.swift */,
				F433C104252202E900B3BC55 /* MetronomeListItem.swift */,
			);
			path = MetronomeList;
			sourceTree = "<group>";
		};
		F45DC49A24CF4DFF00D594B3 = {
			isa = PBXGroup;
			children = (
				F45DC4A524CF4DFF00D594B3 /* Metronome */,
				F45DC4BF24CF4E0A00D594B3 /* MetronomeTests */,
				F45DC4CA24CF4E0A00D594B3 /* MetronomeUITests */,
				F45DC4A424CF4DFF00D594B3 /* Products */,
				F470FA11252DFF6B00D04FD3 /* SQLite.xcodeproj */,
				F48F3C83251F85AF00350FD7 /* Frameworks */,
			);
			sourceTree = "<group>";
		};
		F45DC4A424CF4DFF00D594B3 /* Products */ = {
			isa = PBXGroup;
			children = (
				F45DC4A324CF4DFF00D594B3 /* Metronome.app */,
				F45DC4BC24CF4E0A00D594B3 /* MetronomeTests.xctest */,
				F45DC4C724CF4E0A00D594B3 /* MetronomeUITests.xctest */,
			);
			name = Products;
			sourceTree = "<group>";
		};
		F45DC4A524CF4DFF00D594B3 /* Metronome */ = {
			isa = PBXGroup;
			children = (
				F45DC4A624CF4DFF00D594B3 /* MetronomeApp.swift */,
				F45DC4AD24CF4DFF00D594B3 /* ContentView.swift */,
				F45DC50E24CF4F6F00D594B3 /* MetronomeEnvironment.swift */,
				F4D2E1A7251D5EDC000A87A9 /* Audio */,
				F4F168FD24E403860049BEDD /* Database */,
				F45DC4DB24CF4F6E00D594B3 /* Models */,
				F45DC4E124CF4F6E00D594B3 /* Views */,
				F45DC4F724CF4F6F00D594B3 /* MusicalComponents */,
				F45DC4D924CF4F6E00D594B3 /* MusicConcepts */,
				F45DC4AF24CF4E0A00D594B3 /* Assets.xcassets */,
				F45DC4B724CF4E0A00D594B3 /* Info.plist */,
				F45DC4B124CF4E0A00D594B3 /* Preview Content */,
			);
			path = Metronome;
			sourceTree = "<group>";
		};
		F45DC4B124CF4E0A00D594B3 /* Preview Content */ = {
			isa = PBXGroup;
			children = (
				F45DC4B224CF4E0A00D594B3 /* Preview Assets.xcassets */,
			);
			path = "Preview Content";
			sourceTree = "<group>";
		};
		F45DC4BF24CF4E0A00D594B3 /* MetronomeTests */ = {
			isa = PBXGroup;
			children = (
				F45DC4C024CF4E0A00D594B3 /* MetronomeTests.swift */,
				F45DC4C224CF4E0A00D594B3 /* Info.plist */,
			);
			path = MetronomeTests;
			sourceTree = "<group>";
		};
		F45DC4CA24CF4E0A00D594B3 /* MetronomeUITests */ = {
			isa = PBXGroup;
			children = (
				F45DC4CB24CF4E0A00D594B3 /* MetronomeUITests.swift */,
				F45DC4CD24CF4E0A00D594B3 /* Info.plist */,
			);
			path = MetronomeUITests;
			sourceTree = "<group>";
		};
		F45DC4D924CF4F6E00D594B3 /* MusicConcepts */ = {
			isa = PBXGroup;
			children = (
				F45DC4DA24CF4F6E00D594B3 /* NoteValueFraction.swift */,
			);
			path = MusicConcepts;
			sourceTree = "<group>";
		};
		F45DC4DB24CF4F6E00D594B3 /* Models */ = {
			isa = PBXGroup;
			children = (
				F45DC4DC24CF4F6E00D594B3 /* Rhythm.swift */,
				F45DC4DD24CF4F6E00D594B3 /* Metronome.swift */,
				F45DC4DE24CF4F6E00D594B3 /* NoteValue.swift */,
				F45DC4DF24CF4F6E00D594B3 /* Measure.swift */,
				F45DC4E024CF4F6E00D594B3 /* Beat.swift */,
			);
			path = Models;
			sourceTree = "<group>";
		};
		F45DC4E124CF4F6E00D594B3 /* Views */ = {
			isa = PBXGroup;
			children = (
				F45DC4E324CF4F6E00D594B3 /* MetronomeView.swift */,
				F45DC4E224CF4F6E00D594B3 /* PlayView.swift */,
				F433C1032522025A00B3BC55 /* MetronomeList */,
				F45DC4E424CF4F6E00D594B3 /* Bpm */,
				F45DC4E924CF4F6E00D594B3 /* Measure */,
			);
			path = Views;
			sourceTree = "<group>";
		};
		F45DC4E424CF4F6E00D594B3 /* Bpm */ = {
			isa = PBXGroup;
			children = (
				F45DC4E524CF4F6E00D594B3 /* TapView.swift */,
				F45DC4E624CF4F6E00D594B3 /* KnobView.swift */,
				F45DC4E724CF4F6E00D594B3 /* BpmController.swift */,
				F45DC4E824CF4F6E00D594B3 /* BpmView.swift */,
			);
			path = Bpm;
			sourceTree = "<group>";
		};
		F45DC4E924CF4F6E00D594B3 /* Measure */ = {
			isa = PBXGroup;
			children = (
				F45DC4F424CF4F6E00D594B3 /* MeasureView.swift */,
				F45DC4EE24CF4F6E00D594B3 /* TimeSignatureView.swift */,
				F45DC4EF24CF4F6E00D594B3 /* BeatValueView.swift */,
				F41989832517685300F1EBD2 /* Simple */,
				F4682C0624F92F7D00ADF13C /* Beats */,
				F41989892517687A00F1EBD2 /* Squares */,
			);
			path = Measure;
			sourceTree = "<group>";
		};
		F45DC4F724CF4F6F00D594B3 /* MusicalComponents */ = {
			isa = PBXGroup;
			children = (
				F45DC4F824CF4F6F00D594B3 /* Accent.swift */,
				F45DC4F924CF4F6F00D594B3 /* Rests */,
				F45DC50224CF4F6F00D594B3 /* MusicalComponent.swift */,
				F45DC50324CF4F6F00D594B3 /* NoteValues */,
				F45DC50C24CF4F6F00D594B3 /* Dot.swift */,
			);
			path = MusicalComponents;
			sourceTree = "<group>";
		};
		F45DC4F924CF4F6F00D594B3 /* Rests */ = {
			isa = PBXGroup;
			children = (
				F45DC4FA24CF4F6F00D594B3 /* OneHundredTwentyEighthRest.swift */,
				F45DC4FB24CF4F6F00D594B3 /* SixtyFourthRest.swift */,
				F45DC4FC24CF4F6F00D594B3 /* SixteenthRest.swift */,
				F45DC4FD24CF4F6F00D594B3 /* HalfRest.swift */,
				F45DC4FE24CF4F6F00D594B3 /* WholeRest.swift */,
				F45DC4FF24CF4F6F00D594B3 /* ThirtySecondRest.swift */,
				F45DC50024CF4F6F00D594B3 /* EighthRest.swift */,
				F45DC50124CF4F6F00D594B3 /* QuarterRest.swift */,
			);
			path = Rests;
			sourceTree = "<group>";
		};
		F45DC50324CF4F6F00D594B3 /* NoteValues */ = {
			isa = PBXGroup;
			children = (
				F45DC50424CF4F6F00D594B3 /* EighthNote.swift */,
				F45DC50524CF4F6F00D594B3 /* ThirtySecondNote.swift */,
				F45DC50624CF4F6F00D594B3 /* WholeNote.swift */,
				F45DC50724CF4F6F00D594B3 /* QuarterNote.swift */,
				F45DC50824CF4F6F00D594B3 /* SixteenthNote.swift */,
				F45DC50924CF4F6F00D594B3 /* HalfNote.swift */,
				F45DC50A24CF4F6F00D594B3 /* SixtyFourthNote.swift */,
				F45DC50B24CF4F6F00D594B3 /* OneHundredTwentyEighthNote.swift */,
			);
			path = NoteValues;
			sourceTree = "<group>";
		};
		F4682C0624F92F7D00ADF13C /* Beats */ = {
			isa = PBXGroup;
			children = (
				F4CAE223251A3EE5004F1BC6 /* Display */,
				F4CAE21F251A3EB7004F1BC6 /* Editting */,
				F45DC4F024CF4F6E00D594B3 /* BeatView.swift */,
				F45DC4EB24CF4F6E00D594B3 /* RhythmView.swift */,
			);
			path = Beats;
			sourceTree = "<group>";
		};
		F470FA12252DFF6B00D04FD3 /* Products */ = {
			isa = PBXGroup;
			children = (
				F470FA1C252DFF6B00D04FD3 /* SQLite.framework */,
				F470FA1E252DFF6B00D04FD3 /* SQLiteTests iOS.xctest */,
				F470FA20252DFF6B00D04FD3 /* SQLite.framework */,
				F470FA22252DFF6B00D04FD3 /* SQLiteTests Mac.xctest */,
				F470FA24252DFF6B00D04FD3 /* SQLite.framework */,
				F470FA26252DFF6B00D04FD3 /* SQLiteTests tvOS.xctest */,
				F470FA28252DFF6B00D04FD3 /* SQLite.framework */,
			);
			name = Products;
			sourceTree = "<group>";
		};
		F48F3C83251F85AF00350FD7 /* Frameworks */ = {
			isa = PBXGroup;
			children = (
			);
			name = Frameworks;
			sourceTree = "<group>";
		};
		F4CAE21F251A3EB7004F1BC6 /* Editting */ = {
			isa = PBXGroup;
			children = (
				F4CAE2172519F5C5004F1BC6 /* RhythmPickerView.swift */,
				F45DC4EA24CF4F6E00D594B3 /* PickerBeatView.swift */,
				F45DC4F524CF4F6E00D594B3 /* RhythmEditorView.swift */,
			);
			path = Editting;
			sourceTree = "<group>";
		};
		F4CAE223251A3EE5004F1BC6 /* Display */ = {
			isa = PBXGroup;
			children = (
				F45DC4F224CF4F6E00D594B3 /* MeasureActionButtonsView.swift */,
				F45DC4F324CF4F6E00D594B3 /* BeatListView.swift */,
				F45DC4ED24CF4F6E00D594B3 /* MeasureBeatView.swift */,
			);
			path = Display;
			sourceTree = "<group>";
		};
		F4D2E1A7251D5EDC000A87A9 /* Audio */ = {
			isa = PBXGroup;
			children = (
				F45DC50D24CF4F6F00D594B3 /* MetronomeGenerator.swift */,
				F45DC4F624CF4F6E00D594B3 /* AudioEngine.swift */,
			);
			path = Audio;
			sourceTree = "<group>";
		};
		F4F168FD24E403860049BEDD /* Database */ = {
			isa = PBXGroup;
			children = (
				F45DC50F24CF4F6F00D594B3 /* MetronomeRepository.swift */,
				F4F1690024E42E670049BEDD /* DAO.swift */,
			);
			path = Database;
			sourceTree = "<group>";
		};
/* End PBXGroup section */

/* Begin PBXNativeTarget section */
		F45DC4A224CF4DFF00D594B3 /* Metronome */ = {
			isa = PBXNativeTarget;
			buildConfigurationList = F45DC4D024CF4E0A00D594B3 /* Build configuration list for PBXNativeTarget "Metronome" */;
			buildPhases = (
				F45DC49F24CF4DFF00D594B3 /* Sources */,
				F45DC4A024CF4DFF00D594B3 /* Frameworks */,
				F45DC4A124CF4DFF00D594B3 /* Resources */,
				F48F3C86251F85AF00350FD7 /* Embed Frameworks */,
			);
			buildRules = (
			);
			dependencies = (
			);
			name = Metronome;
			productName = Metronome;
			productReference = F45DC4A324CF4DFF00D594B3 /* Metronome.app */;
			productType = "com.apple.product-type.application";
		};
		F45DC4BB24CF4E0A00D594B3 /* MetronomeTests */ = {
			isa = PBXNativeTarget;
			buildConfigurationList = F45DC4D324CF4E0A00D594B3 /* Build configuration list for PBXNativeTarget "MetronomeTests" */;
			buildPhases = (
				F45DC4B824CF4E0A00D594B3 /* Sources */,
				F45DC4B924CF4E0A00D594B3 /* Frameworks */,
				F45DC4BA24CF4E0A00D594B3 /* Resources */,
			);
			buildRules = (
			);
			dependencies = (
				F45DC4BE24CF4E0A00D594B3 /* PBXTargetDependency */,
			);
			name = MetronomeTests;
			productName = MetronomeTests;
			productReference = F45DC4BC24CF4E0A00D594B3 /* MetronomeTests.xctest */;
			productType = "com.apple.product-type.bundle.unit-test";
		};
		F45DC4C624CF4E0A00D594B3 /* MetronomeUITests */ = {
			isa = PBXNativeTarget;
			buildConfigurationList = F45DC4D624CF4E0A00D594B3 /* Build configuration list for PBXNativeTarget "MetronomeUITests" */;
			buildPhases = (
				F45DC4C324CF4E0A00D594B3 /* Sources */,
				F45DC4C424CF4E0A00D594B3 /* Frameworks */,
				F45DC4C524CF4E0A00D594B3 /* Resources */,
			);
			buildRules = (
			);
			dependencies = (
				F45DC4C924CF4E0A00D594B3 /* PBXTargetDependency */,
			);
			name = MetronomeUITests;
			productName = MetronomeUITests;
			productReference = F45DC4C724CF4E0A00D594B3 /* MetronomeUITests.xctest */;
			productType = "com.apple.product-type.bundle.ui-testing";
		};
/* End PBXNativeTarget section */

/* Begin PBXProject section */
		F45DC49B24CF4DFF00D594B3 /* Project object */ = {
			isa = PBXProject;
			attributes = {
				LastSwiftUpdateCheck = 1160;
				LastUpgradeCheck = 1200;
				ORGANIZATIONNAME = "Miguel Carvalho";
				TargetAttributes = {
					F45DC4A224CF4DFF00D594B3 = {
						CreatedOnToolsVersion = 11.6;
					};
					F45DC4BB24CF4E0A00D594B3 = {
						CreatedOnToolsVersion = 11.6;
						TestTargetID = F45DC4A224CF4DFF00D594B3;
					};
					F45DC4C624CF4E0A00D594B3 = {
						CreatedOnToolsVersion = 11.6;
						TestTargetID = F45DC4A224CF4DFF00D594B3;
					};
				};
			};
			buildConfigurationList = F45DC49E24CF4DFF00D594B3 /* Build configuration list for PBXProject "Metronome" */;
			compatibilityVersion = "Xcode 9.3";
			developmentRegion = en;
			hasScannedForEncodings = 0;
			knownRegions = (
				en,
				Base,
			);
			mainGroup = F45DC49A24CF4DFF00D594B3;
			productRefGroup = F45DC4A424CF4DFF00D594B3 /* Products */;
			projectDirPath = "";
			projectReferences = (
				{
					ProductGroup = F470FA12252DFF6B00D04FD3 /* Products */;
					ProjectRef = F470FA11252DFF6B00D04FD3 /* SQLite.xcodeproj */;
				},
			);
			projectRoot = "";
			targets = (
				F45DC4A224CF4DFF00D594B3 /* Metronome */,
				F45DC4BB24CF4E0A00D594B3 /* MetronomeTests */,
				F45DC4C624CF4E0A00D594B3 /* MetronomeUITests */,
			);
		};
/* End PBXProject section */

/* Begin PBXReferenceProxy section */
		F470FA1C252DFF6B00D04FD3 /* SQLite.framework */ = {
			isa = PBXReferenceProxy;
			fileType = wrapper.framework;
			path = SQLite.framework;
			remoteRef = F470FA1B252DFF6B00D04FD3 /* PBXContainerItemProxy */;
			sourceTree = BUILT_PRODUCTS_DIR;
		};
		F470FA1E252DFF6B00D04FD3 /* SQLiteTests iOS.xctest */ = {
			isa = PBXReferenceProxy;
			fileType = wrapper.cfbundle;
			path = "SQLiteTests iOS.xctest";
			remoteRef = F470FA1D252DFF6B00D04FD3 /* PBXContainerItemProxy */;
			sourceTree = BUILT_PRODUCTS_DIR;
		};
		F470FA20252DFF6B00D04FD3 /* SQLite.framework */ = {
			isa = PBXReferenceProxy;
			fileType = wrapper.framework;
			path = SQLite.framework;
			remoteRef = F470FA1F252DFF6B00D04FD3 /* PBXContainerItemProxy */;
			sourceTree = BUILT_PRODUCTS_DIR;
		};
		F470FA22252DFF6B00D04FD3 /* SQLiteTests Mac.xctest */ = {
			isa = PBXReferenceProxy;
			fileType = wrapper.cfbundle;
			path = "SQLiteTests Mac.xctest";
			remoteRef = F470FA21252DFF6B00D04FD3 /* PBXContainerItemProxy */;
			sourceTree = BUILT_PRODUCTS_DIR;
		};
		F470FA24252DFF6B00D04FD3 /* SQLite.framework */ = {
			isa = PBXReferenceProxy;
			fileType = wrapper.framework;
			path = SQLite.framework;
			remoteRef = F470FA23252DFF6B00D04FD3 /* PBXContainerItemProxy */;
			sourceTree = BUILT_PRODUCTS_DIR;
		};
		F470FA26252DFF6B00D04FD3 /* SQLiteTests tvOS.xctest */ = {
			isa = PBXReferenceProxy;
			fileType = wrapper.cfbundle;
			path = "SQLiteTests tvOS.xctest";
			remoteRef = F470FA25252DFF6B00D04FD3 /* PBXContainerItemProxy */;
			sourceTree = BUILT_PRODUCTS_DIR;
		};
		F470FA28252DFF6B00D04FD3 /* SQLite.framework */ = {
			isa = PBXReferenceProxy;
			fileType = wrapper.framework;
			path = SQLite.framework;
			remoteRef = F470FA27252DFF6B00D04FD3 /* PBXContainerItemProxy */;
			sourceTree = BUILT_PRODUCTS_DIR;
		};
/* End PBXReferenceProxy section */

/* Begin PBXResourcesBuildPhase section */
		F45DC4A124CF4DFF00D594B3 /* Resources */ = {
			isa = PBXResourcesBuildPhase;
			buildActionMask = 2147483647;
			files = (
				F45DC4B324CF4E0A00D594B3 /* Preview Assets.xcassets in Resources */,
				F45DC4B024CF4E0A00D594B3 /* Assets.xcassets in Resources */,
			);
			runOnlyForDeploymentPostprocessing = 0;
		};
		F45DC4BA24CF4E0A00D594B3 /* Resources */ = {
			isa = PBXResourcesBuildPhase;
			buildActionMask = 2147483647;
			files = (
			);
			runOnlyForDeploymentPostprocessing = 0;
		};
		F45DC4C524CF4E0A00D594B3 /* Resources */ = {
			isa = PBXResourcesBuildPhase;
			buildActionMask = 2147483647;
			files = (
			);
			runOnlyForDeploymentPostprocessing = 0;
		};
/* End PBXResourcesBuildPhase section */

/* Begin PBXSourcesBuildPhase section */
		F45DC49F24CF4DFF00D594B3 /* Sources */ = {
			isa = PBXSourcesBuildPhase;
			buildActionMask = 2147483647;
			files = (
				F45DC52024CF4F6F00D594B3 /* TimeSignatureView.swift in Sources */,
				F45DC51824CF4F6F00D594B3 /* TapView.swift in Sources */,
				F45DC51024CF4F6F00D594B3 /* NoteValueFraction.swift in Sources */,
				F45DC51B24CF4F6F00D594B3 /* BpmView.swift in Sources */,
				F45DC53224CF4F7000D594B3 /* MusicalComponent.swift in Sources */,
				F433C105252202E900B3BC55 /* MetronomeListItem.swift in Sources */,
				F45DC51924CF4F6F00D594B3 /* KnobView.swift in Sources */,
				F45DC52B24CF4F7000D594B3 /* SixtyFourthRest.swift in Sources */,
				F45DC4A724CF4DFF00D594B3 /* MetronomeApp.swift in Sources */,
				F45DC53C24CF4F7000D594B3 /* MetronomeGenerator.swift in Sources */,
				F45DC53A24CF4F7000D594B3 /* OneHundredTwentyEighthNote.swift in Sources */,
				F45DC53B24CF4F7000D594B3 /* Dot.swift in Sources */,
				F45DC51424CF4F6F00D594B3 /* Measure.swift in Sources */,
				F45DC51724CF4F6F00D594B3 /* MetronomeView.swift in Sources */,
				F45DC53824CF4F7000D594B3 /* HalfNote.swift in Sources */,
				F45DC52F24CF4F7000D594B3 /* ThirtySecondRest.swift in Sources */,
				F45DC53524CF4F7000D594B3 /* WholeNote.swift in Sources */,
				F45DC51524CF4F6F00D594B3 /* Beat.swift in Sources */,
				F45DC53024CF4F7000D594B3 /* EighthRest.swift in Sources */,
				F45DC53D24CF4F7000D594B3 /* MetronomeEnvironment.swift in Sources */,
				F45DC53924CF4F7000D594B3 /* SixtyFourthNote.swift in Sources */,
				F45DC52C24CF4F7000D594B3 /* SixteenthRest.swift in Sources */,
				F45DC51A24CF4F6F00D594B3 /* BpmController.swift in Sources */,
				F4F1690124E42E670049BEDD /* DAO.swift in Sources */,
				F45DC52124CF4F6F00D594B3 /* BeatValueView.swift in Sources */,
				F433C0F52521F7C100B3BC55 /* MetronomeList.swift in Sources */,
				F45DC51224CF4F6F00D594B3 /* Metronome.swift in Sources */,
				F45DC51124CF4F6F00D594B3 /* Rhythm.swift in Sources */,
				F45DC51F24CF4F6F00D594B3 /* MeasureBeatView.swift in Sources */,
				F45DC52824CF4F7000D594B3 /* AudioEngine.swift in Sources */,
				F45DC53124CF4F7000D594B3 /* QuarterRest.swift in Sources */,
				F45DC52A24CF4F7000D594B3 /* OneHundredTwentyEighthRest.swift in Sources */,
				F45DC51324CF4F6F00D594B3 /* NoteValue.swift in Sources */,
				F45DC51C24CF4F6F00D594B3 /* PickerBeatView.swift in Sources */,
				F45DC53724CF4F7000D594B3 /* SixteenthNote.swift in Sources */,
				F45DC4AE24CF4DFF00D594B3 /* ContentView.swift in Sources */,
				F45DC52524CF4F6F00D594B3 /* BeatListView.swift in Sources */,
				F45DC52424CF4F6F00D594B3 /* MeasureActionButtonsView.swift in Sources */,
				F45DC51D24CF4F6F00D594B3 /* RhythmView.swift in Sources */,
				F45DC52D24CF4F7000D594B3 /* HalfRest.swift in Sources */,
				F45DC51624CF4F6F00D594B3 /* PlayView.swift in Sources */,
				F45DC53324CF4F7000D594B3 /* EighthNote.swift in Sources */,
				F45DC52624CF4F6F00D594B3 /* MeasureView.swift in Sources */,
				F45DC52224CF4F6F00D594B3 /* BeatView.swift in Sources */,
				F41989852517687300F1EBD2 /* SimpleMeasureView.swift in Sources */,
				F419898E2517689200F1EBD2 /* SquaresMeasureView.swift in Sources */,
				F45DC53E24CF4F7000D594B3 /* MetronomeRepository.swift in Sources */,
				F4CAE2182519F5C5004F1BC6 /* RhythmPickerView.swift in Sources */,
				F45DC52724CF4F6F00D594B3 /* RhythmEditorView.swift in Sources */,
				F45DC52924CF4F7000D594B3 /* Accent.swift in Sources */,
				F45DC52E24CF4F7000D594B3 /* WholeRest.swift in Sources */,
				F45DC53424CF4F7000D594B3 /* ThirtySecondNote.swift in Sources */,
				F45DC53624CF4F7000D594B3 /* QuarterNote.swift in Sources */,
			);
			runOnlyForDeploymentPostprocessing = 0;
		};
		F45DC4B824CF4E0A00D594B3 /* Sources */ = {
			isa = PBXSourcesBuildPhase;
			buildActionMask = 2147483647;
			files = (
				F45DC4C124CF4E0A00D594B3 /* MetronomeTests.swift in Sources */,
			);
			runOnlyForDeploymentPostprocessing = 0;
		};
		F45DC4C324CF4E0A00D594B3 /* Sources */ = {
			isa = PBXSourcesBuildPhase;
			buildActionMask = 2147483647;
			files = (
				F45DC4CC24CF4E0A00D594B3 /* MetronomeUITests.swift in Sources */,
			);
			runOnlyForDeploymentPostprocessing = 0;
		};
/* End PBXSourcesBuildPhase section */

/* Begin PBXTargetDependency section */
		F45DC4BE24CF4E0A00D594B3 /* PBXTargetDependency */ = {
			isa = PBXTargetDependency;
			target = F45DC4A224CF4DFF00D594B3 /* Metronome */;
			targetProxy = F45DC4BD24CF4E0A00D594B3 /* PBXContainerItemProxy */;
		};
		F45DC4C924CF4E0A00D594B3 /* PBXTargetDependency */ = {
			isa = PBXTargetDependency;
			target = F45DC4A224CF4DFF00D594B3 /* Metronome */;
			targetProxy = F45DC4C824CF4E0A00D594B3 /* PBXContainerItemProxy */;
		};
/* End PBXTargetDependency section */

/* Begin XCBuildConfiguration section */
		F45DC4CE24CF4E0A00D594B3 /* Debug */ = {
			isa = XCBuildConfiguration;
			buildSettings = {
				ALWAYS_SEARCH_USER_PATHS = NO;
				CLANG_ANALYZER_NONNULL = YES;
				CLANG_ANALYZER_NUMBER_OBJECT_CONVERSION = YES_AGGRESSIVE;
				CLANG_CXX_LANGUAGE_STANDARD = "gnu++14";
				CLANG_CXX_LIBRARY = "libc++";
				CLANG_ENABLE_MODULES = YES;
				CLANG_ENABLE_OBJC_ARC = YES;
				CLANG_ENABLE_OBJC_WEAK = YES;
				CLANG_WARN_BLOCK_CAPTURE_AUTORELEASING = YES;
				CLANG_WARN_BOOL_CONVERSION = YES;
				CLANG_WARN_COMMA = YES;
				CLANG_WARN_CONSTANT_CONVERSION = YES;
				CLANG_WARN_DEPRECATED_OBJC_IMPLEMENTATIONS = YES;
				CLANG_WARN_DIRECT_OBJC_ISA_USAGE = YES_ERROR;
				CLANG_WARN_DOCUMENTATION_COMMENTS = YES;
				CLANG_WARN_EMPTY_BODY = YES;
				CLANG_WARN_ENUM_CONVERSION = YES;
				CLANG_WARN_INFINITE_RECURSION = YES;
				CLANG_WARN_INT_CONVERSION = YES;
				CLANG_WARN_NON_LITERAL_NULL_CONVERSION = YES;
				CLANG_WARN_OBJC_IMPLICIT_RETAIN_SELF = YES;
				CLANG_WARN_OBJC_LITERAL_CONVERSION = YES;
				CLANG_WARN_OBJC_ROOT_CLASS = YES_ERROR;
				CLANG_WARN_QUOTED_INCLUDE_IN_FRAMEWORK_HEADER = YES;
				CLANG_WARN_RANGE_LOOP_ANALYSIS = YES;
				CLANG_WARN_STRICT_PROTOTYPES = YES;
				CLANG_WARN_SUSPICIOUS_MOVE = YES;
				CLANG_WARN_UNGUARDED_AVAILABILITY = YES_AGGRESSIVE;
				CLANG_WARN_UNREACHABLE_CODE = YES;
				CLANG_WARN__DUPLICATE_METHOD_MATCH = YES;
				COPY_PHASE_STRIP = NO;
				DEBUG_INFORMATION_FORMAT = dwarf;
				ENABLE_STRICT_OBJC_MSGSEND = YES;
				ENABLE_TESTABILITY = YES;
				GCC_C_LANGUAGE_STANDARD = gnu11;
				GCC_DYNAMIC_NO_PIC = NO;
				GCC_NO_COMMON_BLOCKS = YES;
				GCC_OPTIMIZATION_LEVEL = 0;
				GCC_PREPROCESSOR_DEFINITIONS = (
					"DEBUG=1",
					"$(inherited)",
				);
				GCC_WARN_64_TO_32_BIT_CONVERSION = YES;
				GCC_WARN_ABOUT_RETURN_TYPE = YES_ERROR;
				GCC_WARN_UNDECLARED_SELECTOR = YES;
				GCC_WARN_UNINITIALIZED_AUTOS = YES_AGGRESSIVE;
				GCC_WARN_UNUSED_FUNCTION = YES;
				GCC_WARN_UNUSED_VARIABLE = YES;
				IPHONEOS_DEPLOYMENT_TARGET = 13.6;
				MTL_ENABLE_DEBUG_INFO = INCLUDE_SOURCE;
				MTL_FAST_MATH = YES;
				ONLY_ACTIVE_ARCH = YES;
				SDKROOT = iphoneos;
				SWIFT_ACTIVE_COMPILATION_CONDITIONS = DEBUG;
				SWIFT_OPTIMIZATION_LEVEL = "-Onone";
			};
			name = Debug;
		};
		F45DC4CF24CF4E0A00D594B3 /* Release */ = {
			isa = XCBuildConfiguration;
			buildSettings = {
				ALWAYS_SEARCH_USER_PATHS = NO;
				CLANG_ANALYZER_NONNULL = YES;
				CLANG_ANALYZER_NUMBER_OBJECT_CONVERSION = YES_AGGRESSIVE;
				CLANG_CXX_LANGUAGE_STANDARD = "gnu++14";
				CLANG_CXX_LIBRARY = "libc++";
				CLANG_ENABLE_MODULES = YES;
				CLANG_ENABLE_OBJC_ARC = YES;
				CLANG_ENABLE_OBJC_WEAK = YES;
				CLANG_WARN_BLOCK_CAPTURE_AUTORELEASING = YES;
				CLANG_WARN_BOOL_CONVERSION = YES;
				CLANG_WARN_COMMA = YES;
				CLANG_WARN_CONSTANT_CONVERSION = YES;
				CLANG_WARN_DEPRECATED_OBJC_IMPLEMENTATIONS = YES;
				CLANG_WARN_DIRECT_OBJC_ISA_USAGE = YES_ERROR;
				CLANG_WARN_DOCUMENTATION_COMMENTS = YES;
				CLANG_WARN_EMPTY_BODY = YES;
				CLANG_WARN_ENUM_CONVERSION = YES;
				CLANG_WARN_INFINITE_RECURSION = YES;
				CLANG_WARN_INT_CONVERSION = YES;
				CLANG_WARN_NON_LITERAL_NULL_CONVERSION = YES;
				CLANG_WARN_OBJC_IMPLICIT_RETAIN_SELF = YES;
				CLANG_WARN_OBJC_LITERAL_CONVERSION = YES;
				CLANG_WARN_OBJC_ROOT_CLASS = YES_ERROR;
				CLANG_WARN_QUOTED_INCLUDE_IN_FRAMEWORK_HEADER = YES;
				CLANG_WARN_RANGE_LOOP_ANALYSIS = YES;
				CLANG_WARN_STRICT_PROTOTYPES = YES;
				CLANG_WARN_SUSPICIOUS_MOVE = YES;
				CLANG_WARN_UNGUARDED_AVAILABILITY = YES_AGGRESSIVE;
				CLANG_WARN_UNREACHABLE_CODE = YES;
				CLANG_WARN__DUPLICATE_METHOD_MATCH = YES;
				COPY_PHASE_STRIP = NO;
				DEBUG_INFORMATION_FORMAT = "dwarf-with-dsym";
				ENABLE_NS_ASSERTIONS = NO;
				ENABLE_STRICT_OBJC_MSGSEND = YES;
				GCC_C_LANGUAGE_STANDARD = gnu11;
				GCC_NO_COMMON_BLOCKS = YES;
				GCC_WARN_64_TO_32_BIT_CONVERSION = YES;
				GCC_WARN_ABOUT_RETURN_TYPE = YES_ERROR;
				GCC_WARN_UNDECLARED_SELECTOR = YES;
				GCC_WARN_UNINITIALIZED_AUTOS = YES_AGGRESSIVE;
				GCC_WARN_UNUSED_FUNCTION = YES;
				GCC_WARN_UNUSED_VARIABLE = YES;
				IPHONEOS_DEPLOYMENT_TARGET = 13.6;
				MTL_ENABLE_DEBUG_INFO = NO;
				MTL_FAST_MATH = YES;
				SDKROOT = iphoneos;
				SWIFT_COMPILATION_MODE = wholemodule;
				SWIFT_OPTIMIZATION_LEVEL = "-O";
				VALIDATE_PRODUCT = YES;
			};
			name = Release;
		};
		F45DC4D124CF4E0A00D594B3 /* Debug */ = {
			isa = XCBuildConfiguration;
			buildSettings = {
				ASSETCATALOG_COMPILER_APPICON_NAME = AppIcon;
				CODE_SIGN_STYLE = Automatic;
				CURRENT_PROJECT_VERSION = 1;
				DEVELOPMENT_ASSET_PATHS = "\"Metronome/Preview Content\"";
				DEVELOPMENT_TEAM = P9CR8VSY6T;
				ENABLE_PREVIEWS = YES;
				INFOPLIST_FILE = Metronome/Info.plist;
				IPHONEOS_DEPLOYMENT_TARGET = 14.0;
				LD_RUNPATH_SEARCH_PATHS = (
					"$(inherited)",
					"@executable_path/Frameworks",
				);
				MARKETING_VERSION = 0.2;
				PRODUCT_BUNDLE_IDENTIFIER = pt.finch.Metronome;
				PRODUCT_NAME = "$(TARGET_NAME)";
				SWIFT_VERSION = 5.0;
				TARGETED_DEVICE_FAMILY = 1;
			};
			name = Debug;
		};
		F45DC4D224CF4E0A00D594B3 /* Release */ = {
			isa = XCBuildConfiguration;
			buildSettings = {
				ASSETCATALOG_COMPILER_APPICON_NAME = AppIcon;
				CODE_SIGN_STYLE = Automatic;
				CURRENT_PROJECT_VERSION = 1;
				DEVELOPMENT_ASSET_PATHS = "\"Metronome/Preview Content\"";
				DEVELOPMENT_TEAM = P9CR8VSY6T;
				ENABLE_PREVIEWS = YES;
				INFOPLIST_FILE = Metronome/Info.plist;
				IPHONEOS_DEPLOYMENT_TARGET = 14.0;
				LD_RUNPATH_SEARCH_PATHS = (
					"$(inherited)",
					"@executable_path/Frameworks",
				);
				MARKETING_VERSION = 0.2;
				PRODUCT_BUNDLE_IDENTIFIER = pt.finch.Metronome;
				PRODUCT_NAME = "$(TARGET_NAME)";
				SWIFT_VERSION = 5.0;
				TARGETED_DEVICE_FAMILY = 1;
			};
			name = Release;
		};
		F45DC4D424CF4E0A00D594B3 /* Debug */ = {
			isa = XCBuildConfiguration;
			buildSettings = {
				ALWAYS_EMBED_SWIFT_STANDARD_LIBRARIES = YES;
				BUNDLE_LOADER = "$(TEST_HOST)";
				CODE_SIGN_STYLE = Automatic;
				DEVELOPMENT_TEAM = P9CR8VSY6T;
				INFOPLIST_FILE = MetronomeTests/Info.plist;
				IPHONEOS_DEPLOYMENT_TARGET = 13.6;
				LD_RUNPATH_SEARCH_PATHS = (
					"$(inherited)",
					"@executable_path/Frameworks",
					"@loader_path/Frameworks",
				);
				PRODUCT_BUNDLE_IDENTIFIER = com.miguelcarvalho.MetronomeTests;
				PRODUCT_NAME = "$(TARGET_NAME)";
				SWIFT_VERSION = 5.0;
				TARGETED_DEVICE_FAMILY = "1,2";
				TEST_HOST = "$(BUILT_PRODUCTS_DIR)/Metronome.app/Metronome";
			};
			name = Debug;
		};
		F45DC4D524CF4E0A00D594B3 /* Release */ = {
			isa = XCBuildConfiguration;
			buildSettings = {
				ALWAYS_EMBED_SWIFT_STANDARD_LIBRARIES = YES;
				BUNDLE_LOADER = "$(TEST_HOST)";
				CODE_SIGN_STYLE = Automatic;
				DEVELOPMENT_TEAM = P9CR8VSY6T;
				INFOPLIST_FILE = MetronomeTests/Info.plist;
				IPHONEOS_DEPLOYMENT_TARGET = 13.6;
				LD_RUNPATH_SEARCH_PATHS = (
					"$(inherited)",
					"@executable_path/Frameworks",
					"@loader_path/Frameworks",
				);
				PRODUCT_BUNDLE_IDENTIFIER = com.miguelcarvalho.MetronomeTests;
				PRODUCT_NAME = "$(TARGET_NAME)";
				SWIFT_VERSION = 5.0;
				TARGETED_DEVICE_FAMILY = "1,2";
				TEST_HOST = "$(BUILT_PRODUCTS_DIR)/Metronome.app/Metronome";
			};
			name = Release;
		};
		F45DC4D724CF4E0A00D594B3 /* Debug */ = {
			isa = XCBuildConfiguration;
			buildSettings = {
				ALWAYS_EMBED_SWIFT_STANDARD_LIBRARIES = YES;
				CODE_SIGN_STYLE = Automatic;
				DEVELOPMENT_TEAM = P9CR8VSY6T;
				INFOPLIST_FILE = MetronomeUITests/Info.plist;
				LD_RUNPATH_SEARCH_PATHS = (
					"$(inherited)",
					"@executable_path/Frameworks",
					"@loader_path/Frameworks",
				);
				PRODUCT_BUNDLE_IDENTIFIER = com.miguelcarvalho.MetronomeUITests;
				PRODUCT_NAME = "$(TARGET_NAME)";
				SWIFT_VERSION = 5.0;
				TARGETED_DEVICE_FAMILY = "1,2";
				TEST_TARGET_NAME = Metronome;
			};
			name = Debug;
		};
		F45DC4D824CF4E0A00D594B3 /* Release */ = {
			isa = XCBuildConfiguration;
			buildSettings = {
				ALWAYS_EMBED_SWIFT_STANDARD_LIBRARIES = YES;
				CODE_SIGN_STYLE = Automatic;
				DEVELOPMENT_TEAM = P9CR8VSY6T;
				INFOPLIST_FILE = MetronomeUITests/Info.plist;
				LD_RUNPATH_SEARCH_PATHS = (
					"$(inherited)",
					"@executable_path/Frameworks",
					"@loader_path/Frameworks",
				);
				PRODUCT_BUNDLE_IDENTIFIER = com.miguelcarvalho.MetronomeUITests;
				PRODUCT_NAME = "$(TARGET_NAME)";
				SWIFT_VERSION = 5.0;
				TARGETED_DEVICE_FAMILY = "1,2";
				TEST_TARGET_NAME = Metronome;
			};
			name = Release;
		};
/* End XCBuildConfiguration section */

/* Begin XCConfigurationList section */
		F45DC49E24CF4DFF00D594B3 /* Build configuration list for PBXProject "Metronome" */ = {
			isa = XCConfigurationList;
			buildConfigurations = (
				F45DC4CE24CF4E0A00D594B3 /* Debug */,
				F45DC4CF24CF4E0A00D594B3 /* Release */,
			);
			defaultConfigurationIsVisible = 0;
			defaultConfigurationName = Release;
		};
		F45DC4D024CF4E0A00D594B3 /* Build configuration list for PBXNativeTarget "Metronome" */ = {
			isa = XCConfigurationList;
			buildConfigurations = (
				F45DC4D124CF4E0A00D594B3 /* Debug */,
				F45DC4D224CF4E0A00D594B3 /* Release */,
			);
			defaultConfigurationIsVisible = 0;
			defaultConfigurationName = Release;
		};
		F45DC4D324CF4E0A00D594B3 /* Build configuration list for PBXNativeTarget "MetronomeTests" */ = {
			isa = XCConfigurationList;
			buildConfigurations = (
				F45DC4D424CF4E0A00D594B3 /* Debug */,
				F45DC4D524CF4E0A00D594B3 /* Release */,
			);
			defaultConfigurationIsVisible = 0;
			defaultConfigurationName = Release;
		};
		F45DC4D624CF4E0A00D594B3 /* Build configuration list for PBXNativeTarget "MetronomeUITests" */ = {
			isa = XCConfigurationList;
			buildConfigurations = (
				F45DC4D724CF4E0A00D594B3 /* Debug */,
				F45DC4D824CF4E0A00D594B3 /* Release */,
			);
			defaultConfigurationIsVisible = 0;
			defaultConfigurationName = Release;
		};
/* End XCConfigurationList section */
	};
	rootObject = F45DC49B24CF4DFF00D594B3 /* Project object */;
}
